
Microsoft Visual Studio Solution File, Format Version 12.00
# Visual Studio Version 17
VisualStudioVersion = 17.7.34202.233
MinimumVisualStudioVersion = 10.0.40219.1
Project("{FAE04EC0-301F-11D3-BF4B-00C04F79EFBC}") = "SatrancProje2", "SatrancProje2.csproj", "{504AD41A-FA9B-4867-86C9-9500B9AA1790}"
EndProject
Global
	GlobalSection(SolutionConfigurationPlatforms) = preSolution
		Debug|Any CPU = Debug|Any CPU
		Release|Any CPU = Release|Any CPU
	EndGlobalSection
	GlobalSection(ProjectConfigurationPlatforms) = postSolution
		{504AD41A-FA9B-4867-86C9-9500B9AA1790}.Debug|Any CPU.ActiveCfg = Debug|Any CPU
		{504AD41A-FA9B-4867-86C9-9500B9AA1790}.Debug|Any CPU.Build.0 = Debug|Any CPU
		{504AD41A-FA9B-4867-86C9-9500B9AA1790}.Release|Any CPU.ActiveCfg = Release|Any CPU
		{504AD41A-FA9B-4867-86C9-9500B9AA1790}.Release|Any CPU.Build.0 = Release|Any CPU
	EndGlobalSection
	GlobalSection(SolutionProperties) = preSolution
		HideSolutionNode = FALSE
	EndGlobalSection
	GlobalSection(ExtensibilityGlobals) = postSolution
		SolutionGuid = {4BFD4E1D-B426-4379-954F-88EE9FA13537}
	EndGlobalSection
EndGlobal
